{
    "_meta": {
        "hash": {
            "sha256": "b605391e98172a6bbfea65711e113bf7f02dd26ace0fdbf64c81ab4b8148e8cb"
        },
        "pipfile-spec": 6,
        "requires": {},
        "sources": [
            {
                "name": "pypi",
                "url": "https://pypi.org/simple",
                "verify_ssl": true
            }
        ]
    },
    "default": {
        "pygame": {
            "hashes": [
                "sha256:0480fe82cd41a43e3eea497fa2c059c72ac54cb5d003d5aa2ed06a04541c384e",
                "sha256:136a3b5711d9ec369a0407e4e08ffced3ba61aa41059e9280ffffa79c8614f65",
                "sha256:2622b9dd95f445c887a36a57eade42c672598589f69a8052ccdb8eeeffa4dbb1",
                "sha256:301c6428c0880ecd4a9e3951b80e539c33863b6ff356a443db1758de4f297957",
                "sha256:398c42b605ecc514e62f68f1944a2d21e247938309f598de6cb0ad3c207324a8",
                "sha256:4aaff572a273a32e70ec3593d213e59ab11c183a9916616562247930f17a5447",
                "sha256:4e1065577f1b29111113be5deb2ea88553551a5e1cf33e0c08fa32768f285809",
                "sha256:5f052dc2975a399aa1830c1f04c5f72856aa416bf3cd4b31375a058015a5c620",
                "sha256:68ea43e51150316b9fb08e251209d4e2b4e76a340b5b6fc8cdf1a898c78f7e5b",
                "sha256:698433a9fcefca0527244dc44dff9503eb26157494730b1cc80e6e4dbb246e92",
                "sha256:6f714986f7987f10cb94f1be0753318e341a7ea6b12d66f37a4d5d6dd4695023",
                "sha256:73cd9df328c7e72638dbcc1d18e7155225faed880a53db6bad90d1d7c0a71dfd",
                "sha256:7876d1f29f66d3d7cac46479503891ee1ef409b0fbce54b0d74f3a6b33a46dba",
                "sha256:854e87b8b2b76e3ed11d64985fcfdd7af919659503de99fc2b0a717b314c3cf0",
                "sha256:8da13704ad45b7d5de8a8cca135a7f44c7fc6aa9f691abe7b0392468a34a8013",
                "sha256:9ce22fb72298ea33dbb3a1c6c60a4a4e19d9698df6f3f5782eba4dada7b7736d",
                "sha256:a37b6c59e7b8feadc51db5197052b86ceb6443f9fb2a6f7d6527620e707c558c",
                "sha256:a6e8d2f99dbe1dfe72d0c019693c14d93c410f702d0b04ec9a81b36dacd55a23",
                "sha256:a9ac862dd7159861f2c6443b0029089e1c0c4ec762a8074022914ec52fe4dfac",
                "sha256:ae1bc3e78ed28f20878e7ca2c98663a6634e9c00d7746d39413fc18e907dc162",
                "sha256:be7e70f91bd4eb35ae081062f16bf434619b3292358d9b061f8159ddc570c7f0",
                "sha256:c895cf9c1b6d1cbba8cb8cc3f5427febcf8aa41a9333697741abeea1c537a350",
                "sha256:f1f5714d2c23f6a64ef2ac4fcd36a2dd2689da85978d951a99a6ae5dfdf9bdbc",
                "sha256:fa788f775680fc5d268ab00a2da29c9a22830032cfab732730298a2952cd87f3"
            ],
            "index": "pypi",
            "version": "==1.9.6"
        },
        "pytweening": {
            "hashes": [
                "sha256:4b608a570f4dccf2201e898f643c2a12372eb1d71a3dbc7e778771b603ca248b"
            ],
            "index": "pypi",
            "version": "==1.0.3"
        },
        "pyyaml": {
            "hashes": [
                "sha256:0113bc0ec2ad727182326b61326afa3d1d8280ae1122493553fd6f4397f33df9",
                "sha256:01adf0b6c6f61bd11af6e10ca52b7d4057dd0be0343eb9283c878cf3af56aee4",
                "sha256:5124373960b0b3f4aa7df1707e63e9f109b5263eca5976c66e08b1c552d4eaf8",
                "sha256:5ca4f10adbddae56d824b2c09668e91219bb178a1eee1faa56af6f99f11bf696",
                "sha256:7907be34ffa3c5a32b60b95f4d95ea25361c951383a894fec31be7252b2b6f34",
                "sha256:7ec9b2a4ed5cad025c2278a1e6a19c011c80a3caaac804fd2d329e9cc2c287c9",
                "sha256:87ae4c829bb25b9fe99cf71fbb2140c448f534e24c998cc60f39ae4f94396a73",
                "sha256:9de9919becc9cc2ff03637872a440195ac4241c80536632fffeb6a1e25a74299",
                "sha256:a5a85b10e450c66b49f98846937e8cfca1db3127a9d5d1e31ca45c3d0bef4c5b",
                "sha256:b0997827b4f6a7c286c01c5f60384d218dca4ed7d9efa945c3e1aa623d5709ae",
                "sha256:b631ef96d3222e62861443cc89d6563ba3eeb816eeb96b2629345ab795e53681",
                "sha256:bf47c0607522fdbca6c9e817a6e81b08491de50f3766a7a0e6a5be7905961b41",
                "sha256:f81025eddd0327c7d4cfe9b62cf33190e1e736cc6e97502b3ec425f574b3e7a8"
            ],
            "index": "pypi",
            "version": "==5.1.2"
        },
        "ruamel-yaml": {
            "hashes": [
                "sha256:eb4b1ffd095785c50f110118cb6f7bb9cd011ecc013b014436d38b7f8fb7afa9"
            ],
            "index": "pypi",
            "version": "==0.16.0"
        },
        "ruamel.yaml.clib": {
            "hashes": [
                "sha256:32c37bdc7ee5fbc5e794b497b98f98ecc12e1f1541cdd3bbd65f8ec32e0270d2",
                "sha256:385b70734435d2f66f00823d4e224c1a4b53dfeaf9ded3a655a6a2f9c229b1f6",
                "sha256:4040ddea350698138e341395508b8dd7610b2312177cb41c8db2b6260adee348",
                "sha256:4dc088e55e0cc3f8c18652e830e3ecff159425f01327de4d94e5ce473fdcd2f8",
                "sha256:53768934bc28ce07ca82c02d9db6717ae9bad4cdf9511d3a3e6d1b576235d04e",
                "sha256:53fd2ef53be8301707662f4c353731d97a4cb2b372972b7dcd73ef245dbab9e9",
                "sha256:5712728e6ba56d3b93f5f99a175760c778420caae714687592548c4f7699782e",
                "sha256:66df3233e5cca3528be2a700f2a54e26262dde6d5e22b34953e7f44785857c8c",
                "sha256:750a15f07178d91204ce4baffb16697cef4c8f583495d4f0fec52902dad8e7fc",
                "sha256:820ec13201ed5c015dc74ea7087b2c5c56b8aeb51af4b7d7c859e0b45c07f035",
                "sha256:8dcab8a09c17a030d046749eb97ed9a81e02bb642d7816e8757fc5a3016af89d",
                "sha256:9e1acd628f2bf601fd4df69523476ee4640be8ba7d9aff8f04cd66a1ae07f119",
                "sha256:b31bc078c9bac3dbb5855e94eb382aeef23076bf3d1a2d02ee8d91c55567cb08",
                "sha256:b7a681e2d6dbd147ec9808cb1a736c1ef96bc2c693f54e0fc01fe0d10409bd88",
                "sha256:c1333e8911c29c6e209db117345141d5fcb772464d62cac3e117912a965d9619",
                "sha256:d583e7b9646418dff5ee0e36875b3cabc3d0fb925dfdeec239697c583388f9b2",
                "sha256:da610ff9feeb075641128ce40881d2ac3c8e57e7ea04636169b0c3b5e8f711f7",
                "sha256:e9b6ebb62806817b01e9eea9fc7da57c12557e44e94e79f5fa82eca4bc7fad60",
                "sha256:f36035f1c0b6a7a20010e98b582d38272514a77f34cd45ec0d2847abaa89ac78"
            ],
            "markers": "platform_python_implementation == 'CPython' and python_version < '3.8'",
            "version": "==0.1.0"
        }
    },
    "develop": {}
}
